
Microsoft Visual Studio Solution File, Format Version 12.00
# Visual Studio Version 17
VisualStudioVersion = 17.4.33205.214
MinimumVisualStudioVersion = 10.0.40219.1
Project("{FAE04EC0-301F-11D3-BF4B-00C04F79EFBC}") = "TrainManager", "TrainManager.csproj", "{11F9C9F5-7E37-4965-A496-1237DA05FFB7}"
EndProject
Global
	GlobalSection(SolutionConfigurationPlatforms) = preSolution
		Debug|Any CPU = Debug|Any CPU
		Release|Any CPU = Release|Any CPU
	EndGlobalSection
	GlobalSection(ProjectConfigurationPlatforms) = postSolution
		{11F9C9F5-7E37-4965-A496-1237DA05FFB7}.Debug|Any CPU.ActiveCfg = Debug|Any CPU
		{11F9C9F5-7E37-4965-A496-1237DA05FFB7}.Debug|Any CPU.Build.0 = Debug|Any CPU
		{11F9C9F5-7E37-4965-A496-1237DA05FFB7}.Release|Any CPU.ActiveCfg = Release|Any CPU
		{11F9C9F5-7E37-4965-A496-1237DA05FFB7}.Release|Any CPU.Build.0 = Release|Any CPU
	EndGlobalSection
	GlobalSection(SolutionProperties) = preSolution
		HideSolutionNode = FALSE
	EndGlobalSection
	GlobalSection(ExtensibilityGlobals) = postSolution
		SolutionGuid = {E63209EE-4B15-4E67-B6F4-B25835F3451E}
	EndGlobalSection
EndGlobal
